
Microsoft Visual Studio Solution File, Format Version 12.00
# Visual Studio 14
VisualStudioVersion = 14.0.25420.1
MinimumVisualStudioVersion = 10.0.40219.1
Project("{FAE04EC0-301F-11D3-BF4B-00C04F79EFBC}") = "Scoring", "Scoring.csproj", "{0127FDF8-AB6B-4CE7-B9D2-DAAD316F936F}"
EndProject
Project("{FAE04EC0-301F-11D3-BF4B-00C04F79EFBC}") = "ScoringSpecs", "..\ScoringSpecs\ScoringSpecs.csproj", "{F285B313-21C4-492E-88CB-2C201EEEF135}"
EndProject
Global
	GlobalSection(SolutionConfigurationPlatforms) = preSolution
		Debug|Any CPU = Debug|Any CPU
		Release|Any CPU = Release|Any CPU
	EndGlobalSection
	GlobalSection(ProjectConfigurationPlatforms) = postSolution
		{0127FDF8-AB6B-4CE7-B9D2-DAAD316F936F}.Debug|Any CPU.ActiveCfg = Debug|Any CPU
		{0127FDF8-AB6B-4CE7-B9D2-DAAD316F936F}.Debug|Any CPU.Build.0 = Debug|Any CPU
		{0127FDF8-AB6B-4CE7-B9D2-DAAD316F936F}.Release|Any CPU.ActiveCfg = Release|Any CPU
		{0127FDF8-AB6B-4CE7-B9D2-DAAD316F936F}.Release|Any CPU.Build.0 = Release|Any CPU
		{F285B313-21C4-492E-88CB-2C201EEEF135}.Debug|Any CPU.ActiveCfg = Debug|Any CPU
		{F285B313-21C4-492E-88CB-2C201EEEF135}.Debug|Any CPU.Build.0 = Debug|Any CPU
		{F285B313-21C4-492E-88CB-2C201EEEF135}.Release|Any CPU.ActiveCfg = Release|Any CPU
		{F285B313-21C4-492E-88CB-2C201EEEF135}.Release|Any CPU.Build.0 = Release|Any CPU
	EndGlobalSection
	GlobalSection(SolutionProperties) = preSolution
		HideSolutionNode = FALSE
	EndGlobalSection
EndGlobal
